github.com/holiman/uint256 v1.2.4 h1:jUc4Nk8fm9jZabQuqr2JzednajVmBpC+oiTiXZJEApU=
github.com/holiman/uint256 v1.2.4/go.mod h1:EOMSn4q6Nyt9P6efbI3bueV4e1b3dGlUCXeiRV4ng7E=
golang.org/x/exp v0.0.0-20231206192017-f3f8817b8deb h1:c0vyKkb6yr3KR7jEfJaOSv4lG7xPkbN6r52aJz1d8a8=
golang.org/x/exp v0.0.0-20231206192017-f3f8817b8deb/go.mod h1:iRJReGqOEeBhDZGkGbynYwcHlctCvnjTYIamk7uXpHI=
